
Microsoft Visual Studio Solution File, Format Version 12.00
# Visual Studio 15
VisualStudioVersion = 15.0.28010.2046
MinimumVisualStudioVersion = 10.0.40219.1
Project("{FAE04EC0-301F-11D3-BF4B-00C04F79EFBC}") = "DolceVita_task", "DolceVita_task\DolceVita_task.csproj", "{E571C771-63C9-4B77-A0E3-CDF8F136BFC2}"
EndProject
Project("{FAE04EC0-301F-11D3-BF4B-00C04F79EFBC}") = "DAL", "DAL\DAL.csproj", "{5975202A-1011-4D27-A9D5-2A050318E3E1}"
EndProject
Global
	GlobalSection(SolutionConfigurationPlatforms) = preSolution
		Debug|Any CPU = Debug|Any CPU
		Release|Any CPU = Release|Any CPU
	EndGlobalSection
	GlobalSection(ProjectConfigurationPlatforms) = postSolution
		{E571C771-63C9-4B77-A0E3-CDF8F136BFC2}.Debug|Any CPU.ActiveCfg = Debug|Any CPU
		{E571C771-63C9-4B77-A0E3-CDF8F136BFC2}.Debug|Any CPU.Build.0 = Debug|Any CPU
		{E571C771-63C9-4B77-A0E3-CDF8F136BFC2}.Release|Any CPU.ActiveCfg = Release|Any CPU
		{E571C771-63C9-4B77-A0E3-CDF8F136BFC2}.Release|Any CPU.Build.0 = Release|Any CPU
		{5975202A-1011-4D27-A9D5-2A050318E3E1}.Debug|Any CPU.ActiveCfg = Debug|Any CPU
		{5975202A-1011-4D27-A9D5-2A050318E3E1}.Debug|Any CPU.Build.0 = Debug|Any CPU
		{5975202A-1011-4D27-A9D5-2A050318E3E1}.Release|Any CPU.ActiveCfg = Release|Any CPU
		{5975202A-1011-4D27-A9D5-2A050318E3E1}.Release|Any CPU.Build.0 = Release|Any CPU
	EndGlobalSection
	GlobalSection(SolutionProperties) = preSolution
		HideSolutionNode = FALSE
	EndGlobalSection
	GlobalSection(ExtensibilityGlobals) = postSolution
		SolutionGuid = {34FE5F05-F890-4973-BF25-6775D9C4640A}
	EndGlobalSection
EndGlobal
